
Microsoft Visual Studio Solution File, Format Version 12.00
# Visual Studio Version 17
VisualStudioVersion = 17.9.34728.123
MinimumVisualStudioVersion = 10.0.40219.1
Project("{FAE04EC0-301F-11D3-BF4B-00C04F79EFBC}") = "PacMan_Game", "PacMan_Game.csproj", "{AADEB236-9E75-4778-A1B4-786519FAF9EC}"
EndProject
Global
	GlobalSection(SolutionConfigurationPlatforms) = preSolution
		Debug|Any CPU = Debug|Any CPU
		Release|Any CPU = Release|Any CPU
	EndGlobalSection
	GlobalSection(ProjectConfigurationPlatforms) = postSolution
		{AADEB236-9E75-4778-A1B4-786519FAF9EC}.Debug|Any CPU.ActiveCfg = Debug|Any CPU
		{AADEB236-9E75-4778-A1B4-786519FAF9EC}.Debug|Any CPU.Build.0 = Debug|Any CPU
		{AADEB236-9E75-4778-A1B4-786519FAF9EC}.Release|Any CPU.ActiveCfg = Release|Any CPU
		{AADEB236-9E75-4778-A1B4-786519FAF9EC}.Release|Any CPU.Build.0 = Release|Any CPU
	EndGlobalSection
	GlobalSection(SolutionProperties) = preSolution
		HideSolutionNode = FALSE
	EndGlobalSection
	GlobalSection(ExtensibilityGlobals) = postSolution
		SolutionGuid = {6041B149-3D2D-4800-A006-20D41892CEA3}
	EndGlobalSection
EndGlobal
